// !$*UTF8*$!
{
	archiveVersion = 1;
	classes = {
	};
	objectVersion = 46;
	objects = {

/* Begin PBXBuildFile section */
		1D3623260D0F684500981E51 /* SwitchAppDelegate.m in Sources */ = {isa = PBXBuildFile; fileRef = 1D3623250D0F684500981E51 /* SwitchAppDelegate.m */; };
		1D60589B0D05DD56006BFB54 /* main.m in Sources */ = {isa = PBXBuildFile; fileRef = 29B97316FDCFA39411CA2CEA /* main.m */; };
		1D60589F0D05DD5A006BFB54 /* Foundation.framework in Frameworks */ = {isa = PBXBuildFile; fileRef = 1D30AB110D05D00D00671497 /* Foundation.framework */; };
		1DF5F4E00D08C38300B7A737 /* UIKit.framework in Frameworks */ = {isa = PBXBuildFile; fileRef = 1DF5F4DF0D08C38300B7A737 /* UIKit.framework */; };
		2440ADB113D7AEFC009D8C54 /* View.m in Sources */ = {isa = PBXBuildFile; fileRef = 2440ADB013D7AEFC009D8C54 /* View.m */; };
		2440ADC813D7B0BC009D8C54 /* AVFoundation.framework in Frameworks */ = {isa = PBXBuildFile; fileRef = 2440ADC713D7B0BC009D8C54 /* AVFoundation.framework */; };
		2440ADD213D7B183009D8C54 /* switch57.png in Resources */ = {isa = PBXBuildFile; fileRef = 2440ADCF13D7B183009D8C54 /* switch57.png */; };
		2440ADD313D7B183009D8C54 /* switch72.png in Resources */ = {isa = PBXBuildFile; fileRef = 2440ADD013D7B183009D8C54 /* switch72.png */; };
		2440ADD413D7B183009D8C54 /* switch114.png in Resources */ = {isa = PBXBuildFile; fileRef = 2440ADD113D7B183009D8C54 /* switch114.png */; };
		24AA36E013D7CB64003B568C /* nightsky.png in Resources */ = {isa = PBXBuildFile; fileRef = 24AA36DF13D7CB64003B568C /* nightsky.png */; };
		288765FD0DF74451002DB57D /* CoreGraphics.framework in Frameworks */ = {isa = PBXBuildFile; fileRef = 288765FC0DF74451002DB57D /* CoreGraphics.framework */; };
		28AD733F0D9D9553002E5188 /* MainWindow.xib in Resources */ = {isa = PBXBuildFile; fileRef = 28AD733E0D9D9553002E5188 /* MainWindow.xib */; };
		ADB156F213D8B06400CD4AA5 /* beam_scotty.mp3 in Resources */ = {isa = PBXBuildFile; fileRef = ADB156ED13D8B06400CD4AA5 /* beam_scotty.mp3 */; };
		ADB156F313D8B06400CD4AA5 /* fascinating.mp3 in Resources */ = {isa = PBXBuildFile; fileRef = ADB156EE13D8B06400CD4AA5 /* fascinating.mp3 */; };
		ADB156F413D8B06400CD4AA5 /* get_off_bridge.mp3 in Resources */ = {isa = PBXBuildFile; fileRef = ADB156EF13D8B06400CD4AA5 /* get_off_bridge.mp3 */; };
		ADB156F513D8B06400CD4AA5 /* soundhug.mp3 in Resources */ = {isa = PBXBuildFile; fileRef = ADB156F013D8B06400CD4AA5 /* soundhug.mp3 */; };
		ADB156F613D8B06400CD4AA5 /* soundtribble.mp3 in Resources */ = {isa = PBXBuildFile; fileRef = ADB156F113D8B06400CD4AA5 /* soundtribble.mp3 */; };
		ADB157B013D8CD3C00CD4AA5 /* kirk.png in Resources */ = {isa = PBXBuildFile; fileRef = ADB157AB13D8CD3C00CD4AA5 /* kirk.png */; };
		ADB157B113D8CD3C00CD4AA5 /* picard.png in Resources */ = {isa = PBXBuildFile; fileRef = ADB157AC13D8CD3C00CD4AA5 /* picard.png */; };
		ADB157B213D8CD3C00CD4AA5 /* spock.png in Resources */ = {isa = PBXBuildFile; fileRef = ADB157AD13D8CD3C00CD4AA5 /* spock.png */; };
		ADB157B313D8CD3C00CD4AA5 /* tribble.png in Resources */ = {isa = PBXBuildFile; fileRef = ADB157AE13D8CD3C00CD4AA5 /* tribble.png */; };
		ADB157B413D8CD3C00CD4AA5 /* worf.png in Resources */ = {isa = PBXBuildFile; fileRef = ADB157AF13D8CD3C00CD4AA5 /* worf.png */; };
/* End PBXBuildFile section */

/* Begin PBXFileReference section */
		1D30AB110D05D00D00671497 /* Foundation.framework */ = {isa = PBXFileReference; lastKnownFileType = wrapper.framework; name = Foundation.framework; path = System/Library/Frameworks/Foundation.framework; sourceTree = SDKROOT; };
		1D3623240D0F684500981E51 /* SwitchAppDelegate.h */ = {isa = PBXFileReference; fileEncoding = 4; lastKnownFileType = sourcecode.c.h; name = SwitchAppDelegate.h; path = "nyu-iphone/Week-06-Homework/Switch/Classes/SwitchAppDelegate.h"; sourceTree = DEVELOPER_DIR; };
		1D3623250D0F684500981E51 /* SwitchAppDelegate.m */ = {isa = PBXFileReference; fileEncoding = 4; lastKnownFileType = sourcecode.c.objc; name = SwitchAppDelegate.m; path = "nyu-iphone/Week-06-Homework/Switch/Classes/SwitchAppDelegate.m"; sourceTree = DEVELOPER_DIR; };
		1D6058910D05DD3D006BFB54 /* Switch.app */ = {isa = PBXFileReference; explicitFileType = wrapper.application; includeInIndex = 0; path = Switch.app; sourceTree = BUILT_PRODUCTS_DIR; };
		1DF5F4DF0D08C38300B7A737 /* UIKit.framework */ = {isa = PBXFileReference; lastKnownFileType = wrapper.framework; name = UIKit.framework; path = System/Library/Frameworks/UIKit.framework; sourceTree = SDKROOT; };
		2440ADAF13D7AEFC009D8C54 /* View.h */ = {isa = PBXFileReference; fileEncoding = 4; lastKnownFileType = sourcecode.c.h; path = View.h; sourceTree = "<group>"; };
		2440ADB013D7AEFC009D8C54 /* View.m */ = {isa = PBXFileReference; fileEncoding = 4; lastKnownFileType = sourcecode.c.objc; path = View.m; sourceTree = "<group>"; };
		2440ADC713D7B0BC009D8C54 /* AVFoundation.framework */ = {isa = PBXFileReference; lastKnownFileType = wrapper.framework; name = AVFoundation.framework; path = System/Library/Frameworks/AVFoundation.framework; sourceTree = SDKROOT; };
		2440ADCF13D7B183009D8C54 /* switch57.png */ = {isa = PBXFileReference; lastKnownFileType = image.png; path = switch57.png; sourceTree = "<group>"; };
		2440ADD013D7B183009D8C54 /* switch72.png */ = {isa = PBXFileReference; lastKnownFileType = image.png; path = switch72.png; sourceTree = "<group>"; };
		2440ADD113D7B183009D8C54 /* switch114.png */ = {isa = PBXFileReference; lastKnownFileType = image.png; path = switch114.png; sourceTree = "<group>"; };
		24AA36DF13D7CB64003B568C /* nightsky.png */ = {isa = PBXFileReference; lastKnownFileType = image.png; path = nightsky.png; sourceTree = "<group>"; };
		288765FC0DF74451002DB57D /* CoreGraphics.framework */ = {isa = PBXFileReference; lastKnownFileType = wrapper.framework; name = CoreGraphics.framework; path = System/Library/Frameworks/CoreGraphics.framework; sourceTree = SDKROOT; };
		28AD733E0D9D9553002E5188 /* MainWindow.xib */ = {isa = PBXFileReference; lastKnownFileType = file.xib; path = MainWindow.xib; sourceTree = "<group>"; };
		29B97316FDCFA39411CA2CEA /* main.m */ = {isa = PBXFileReference; fileEncoding = 4; lastKnownFileType = sourcecode.c.objc; path = main.m; sourceTree = "<group>"; };
		32CA4F630368D1EE00C91783 /* Switch_Prefix.pch */ = {isa = PBXFileReference; fileEncoding = 4; lastKnownFileType = sourcecode.c.h; path = Switch_Prefix.pch; sourceTree = "<group>"; };
		8D1107310486CEB800E47090 /* Switch-Info.plist */ = {isa = PBXFileReference; fileEncoding = 4; lastKnownFileType = text.plist.xml; path = "Switch-Info.plist"; plistStructureDefinitionIdentifier = "com.apple.xcode.plist.structure-definition.iphone.info-plist"; sourceTree = "<group>"; };
		ADB156ED13D8B06400CD4AA5 /* beam_scotty.mp3 */ = {isa = PBXFileReference; lastKnownFileType = audio.mp3; name = beam_scotty.mp3; path = "nyu-iphone/Week-06-Homework/Switch/beam_scotty.mp3"; sourceTree = DEVELOPER_DIR; };
		ADB156EE13D8B06400CD4AA5 /* fascinating.mp3 */ = {isa = PBXFileReference; lastKnownFileType = audio.mp3; name = fascinating.mp3; path = "nyu-iphone/Week-06-Homework/Switch/fascinating.mp3"; sourceTree = DEVELOPER_DIR; };
		ADB156EF13D8B06400CD4AA5 /* get_off_bridge.mp3 */ = {isa = PBXFileReference; lastKnownFileType = audio.mp3; name = get_off_bridge.mp3; path = "nyu-iphone/Week-06-Homework/Switch/get_off_bridge.mp3"; sourceTree = DEVELOPER_DIR; };
		ADB156F013D8B06400CD4AA5 /* soundhug.mp3 */ = {isa = PBXFileReference; lastKnownFileType = audio.mp3; name = soundhug.mp3; path = "nyu-iphone/Week-06-Homework/Switch/soundhug.mp3"; sourceTree = DEVELOPER_DIR; };
		ADB156F113D8B06400CD4AA5 /* soundtribble.mp3 */ = {isa = PBXFileReference; lastKnownFileType = audio.mp3; name = soundtribble.mp3; path = "nyu-iphone/Week-06-Homework/Switch/soundtribble.mp3"; sourceTree = DEVELOPER_DIR; };
		ADB157AB13D8CD3C00CD4AA5 /* kirk.png */ = {isa = PBXFileReference; lastKnownFileType = image.png; name = kirk.png; path = "nyu-iphone/Week-06-Homework/Switch/kirk.png"; sourceTree = DEVELOPER_DIR; };
		ADB157AC13D8CD3C00CD4AA5 /* picard.png */ = {isa = PBXFileReference; lastKnownFileType = image.png; name = picard.png; path = "nyu-iphone/Week-06-Homework/Switch/picard.png"; sourceTree = DEVELOPER_DIR; };
		ADB157AD13D8CD3C00CD4AA5 /* spock.png */ = {isa = PBXFileReference; lastKnownFileType = image.png; name = spock.png; path = "nyu-iphone/Week-06-Homework/Switch/spock.png"; sourceTree = DEVELOPER_DIR; };
		ADB157AE13D8CD3C00CD4AA5 /* tribble.png */ = {isa = PBXFileReference; lastKnownFileType = image.png; name = tribble.png; path = "nyu-iphone/Week-06-Homework/Switch/tribble.png"; sourceTree = DEVELOPER_DIR; };
		ADB157AF13D8CD3C00CD4AA5 /* worf.png */ = {isa = PBXFileReference; lastKnownFileType = image.png; name = worf.png; path = "nyu-iphone/Week-06-Homework/Switch/worf.png"; sourceTree = DEVELOPER_DIR; };
/* End PBXFileReference section */

/* Begin PBXFrameworksBuildPhase section */
		1D60588F0D05DD3D006BFB54 /* Frameworks */ = {
			isa = PBXFrameworksBuildPhase;
			buildActionMask = 2147483647;
			files = (
				1D60589F0D05DD5A006BFB54 /* Foundation.framework in Frameworks */,
				1DF5F4E00D08C38300B7A737 /* UIKit.framework in Frameworks */,
				288765FD0DF74451002DB57D /* CoreGraphics.framework in Frameworks */,
				2440ADC813D7B0BC009D8C54 /* AVFoundation.framework in Frameworks */,
			);
			runOnlyForDeploymentPostprocessing = 0;
		};
/* End PBXFrameworksBuildPhase section */

/* Begin PBXGroup section */
		080E96DDFE201D6D7F000001 /* Classes */ = {
			isa = PBXGroup;
			children = (
				1D3623240D0F684500981E51 /* SwitchAppDelegate.h */,
				1D3623250D0F684500981E51 /* SwitchAppDelegate.m */,
				2440ADAF13D7AEFC009D8C54 /* View.h */,
				2440ADB013D7AEFC009D8C54 /* View.m */,
			);
			path = Classes;
			sourceTree = "<group>";
		};
		19C28FACFE9D520D11CA2CBB /* Products */ = {
			isa = PBXGroup;
			children = (
				1D6058910D05DD3D006BFB54 /* Switch.app */,
			);
			name = Products;
			sourceTree = "<group>";
		};
		29B97314FDCFA39411CA2CEA /* CustomTemplate */ = {
			isa = PBXGroup;
			children = (
				080E96DDFE201D6D7F000001 /* Classes */,
				29B97315FDCFA39411CA2CEA /* Other Sources */,
				29B97317FDCFA39411CA2CEA /* Resources */,
				29B97323FDCFA39411CA2CEA /* Frameworks */,
				19C28FACFE9D520D11CA2CBB /* Products */,
			);
			name = CustomTemplate;
			sourceTree = "<group>";
		};
		29B97315FDCFA39411CA2CEA /* Other Sources */ = {
			isa = PBXGroup;
			children = (
				ADB157AB13D8CD3C00CD4AA5 /* kirk.png */,
				ADB157AC13D8CD3C00CD4AA5 /* picard.png */,
				ADB157AD13D8CD3C00CD4AA5 /* spock.png */,
				ADB157AE13D8CD3C00CD4AA5 /* tribble.png */,
				ADB157AF13D8CD3C00CD4AA5 /* worf.png */,
				ADB156ED13D8B06400CD4AA5 /* beam_scotty.mp3 */,
				ADB156EE13D8B06400CD4AA5 /* fascinating.mp3 */,
				ADB156EF13D8B06400CD4AA5 /* get_off_bridge.mp3 */,
				ADB156F013D8B06400CD4AA5 /* soundhug.mp3 */,
				ADB156F113D8B06400CD4AA5 /* soundtribble.mp3 */,
				24AA36DF13D7CB64003B568C /* nightsky.png */,
				2440ADCF13D7B183009D8C54 /* switch57.png */,
				2440ADD013D7B183009D8C54 /* switch72.png */,
				2440ADD113D7B183009D8C54 /* switch114.png */,
				32CA4F630368D1EE00C91783 /* Switch_Prefix.pch */,
				29B97316FDCFA39411CA2CEA /* main.m */,
			);
			name = "Other Sources";
			sourceTree = "<group>";
		};
		29B97317FDCFA39411CA2CEA /* Resources */ = {
			isa = PBXGroup;
			children = (
				28AD733E0D9D9553002E5188 /* MainWindow.xib */,
				8D1107310486CEB800E47090 /* Switch-Info.plist */,
			);
			name = Resources;
			sourceTree = "<group>";
		};
		29B97323FDCFA39411CA2CEA /* Frameworks */ = {
			isa = PBXGroup;
			children = (
				1DF5F4DF0D08C38300B7A737 /* UIKit.framework */,
				1D30AB110D05D00D00671497 /* Foundation.framework */,
				288765FC0DF74451002DB57D /* CoreGraphics.framework */,
				2440ADC713D7B0BC009D8C54 /* AVFoundation.framework */,
			);
			name = Frameworks;
			sourceTree = "<group>";
		};
/* End PBXGroup section */

/* Begin PBXNativeTarget section */
		1D6058900D05DD3D006BFB54 /* Switch */ = {
			isa = PBXNativeTarget;
			buildConfigurationList = 1D6058960D05DD3E006BFB54 /* Build configuration list for PBXNativeTarget "Switch" */;
			buildPhases = (
				1D60588D0D05DD3D006BFB54 /* Resources */,
				1D60588E0D05DD3D006BFB54 /* Sources */,
				1D60588F0D05DD3D006BFB54 /* Frameworks */,
			);
			buildRules = (
			);
			dependencies = (
			);
			name = Switch;
			productName = Switch;
			productReference = 1D6058910D05DD3D006BFB54 /* Switch.app */;
			productType = "com.apple.product-type.application";
		};
/* End PBXNativeTarget section */

/* Begin PBXProject section */
		29B97313FDCFA39411CA2CEA /* Project object */ = {
			isa = PBXProject;
			buildConfigurationList = C01FCF4E08A954540054247B /* Build configuration list for PBXProject "Switch" */;
			compatibilityVersion = "Xcode 3.2";
			developmentRegion = English;
			hasScannedForEncodings = 1;
			knownRegions = (
				English,
				Japanese,
				French,
				German,
			);
			mainGroup = 29B97314FDCFA39411CA2CEA /* CustomTemplate */;
			projectDirPath = "";
			projectRoot = "";
			targets = (
				1D6058900D05DD3D006BFB54 /* Switch */,
			);
		};
/* End PBXProject section */

/* Begin PBXResourcesBuildPhase section */
		1D60588D0D05DD3D006BFB54 /* Resources */ = {
			isa = PBXResourcesBuildPhase;
			buildActionMask = 2147483647;
			files = (
				28AD733F0D9D9553002E5188 /* MainWindow.xib in Resources */,
				2440ADD213D7B183009D8C54 /* switch57.png in Resources */,
				2440ADD313D7B183009D8C54 /* switch72.png in Resources */,
				2440ADD413D7B183009D8C54 /* switch114.png in Resources */,
				24AA36E013D7CB64003B568C /* nightsky.png in Resources */,
				ADB156F213D8B06400CD4AA5 /* beam_scotty.mp3 in Resources */,
				ADB156F313D8B06400CD4AA5 /* fascinating.mp3 in Resources */,
				ADB156F413D8B06400CD4AA5 /* get_off_bridge.mp3 in Resources */,
				ADB156F513D8B06400CD4AA5 /* soundhug.mp3 in Resources */,
				ADB156F613D8B06400CD4AA5 /* soundtribble.mp3 in Resources */,
				ADB157B013D8CD3C00CD4AA5 /* kirk.png in Resources */,
				ADB157B113D8CD3C00CD4AA5 /* picard.png in Resources */,
				ADB157B213D8CD3C00CD4AA5 /* spock.png in Resources */,
				ADB157B313D8CD3C00CD4AA5 /* tribble.png in Resources */,
				ADB157B413D8CD3C00CD4AA5 /* worf.png in Resources */,
			);
			runOnlyForDeploymentPostprocessing = 0;
		};
/* End PBXResourcesBuildPhase section */

/* Begin PBXSourcesBuildPhase section */
		1D60588E0D05DD3D006BFB54 /* Sources */ = {
			isa = PBXSourcesBuildPhase;
			buildActionMask = 2147483647;
			files = (
				1D60589B0D05DD56006BFB54 /* main.m in Sources */,
				1D3623260D0F684500981E51 /* SwitchAppDelegate.m in Sources */,
				2440ADB113D7AEFC009D8C54 /* View.m in Sources */,
			);
			runOnlyForDeploymentPostprocessing = 0;
		};
/* End PBXSourcesBuildPhase section */

/* Begin XCBuildConfiguration section */
		1D6058940D05DD3E006BFB54 /* Debug */ = {
			isa = XCBuildConfiguration;
			buildSettings = {
				ALWAYS_SEARCH_USER_PATHS = NO;
				COPY_PHASE_STRIP = NO;
				GCC_DYNAMIC_NO_PIC = NO;
				GCC_OPTIMIZATION_LEVEL = 0;
				GCC_PRECOMPILE_PREFIX_HEADER = YES;
				GCC_PREFIX_HEADER = Switch_Prefix.pch;
				INFOPLIST_FILE = "Switch-Info.plist";
				PRODUCT_NAME = Switch;
			};
			name = Debug;
		};
		1D6058950D05DD3E006BFB54 /* Release */ = {
			isa = XCBuildConfiguration;
			buildSettings = {
				ALWAYS_SEARCH_USER_PATHS = NO;
				COPY_PHASE_STRIP = YES;
				GCC_PRECOMPILE_PREFIX_HEADER = YES;
				GCC_PREFIX_HEADER = Switch_Prefix.pch;
				INFOPLIST_FILE = "Switch-Info.plist";
				PRODUCT_NAME = Switch;
				VALIDATE_PRODUCT = YES;
			};
			name = Release;
		};
		C01FCF4F08A954540054247B /* Debug */ = {
			isa = XCBuildConfiguration;
			buildSettings = {
				ARCHS = "$(ARCHS_STANDARD_32_BIT)";
				"CODE_SIGN_IDENTITY[sdk=iphoneos*]" = "iPhone Developer";
				GCC_C_LANGUAGE_STANDARD = c99;
				GCC_WARN_ABOUT_RETURN_TYPE = YES;
				GCC_WARN_UNUSED_VARIABLE = YES;
				PREBINDING = NO;
				SDKROOT = iphoneos;
			};
			name = Debug;
		};
		C01FCF5008A954540054247B /* Release */ = {
			isa = XCBuildConfiguration;
			buildSettings = {
				ARCHS = "$(ARCHS_STANDARD_32_BIT)";
				"CODE_SIGN_IDENTITY[sdk=iphoneos*]" = "iPhone Developer";
				GCC_C_LANGUAGE_STANDARD = c99;
				GCC_WARN_ABOUT_RETURN_TYPE = YES;
				GCC_WARN_UNUSED_VARIABLE = YES;
				OTHER_CFLAGS = "-DNS_BLOCK_ASSERTIONS=1";
				PREBINDING = NO;
				SDKROOT = iphoneos;
			};
			name = Release;
		};
/* End XCBuildConfiguration section */

/* Begin XCConfigurationList section */
		1D6058960D05DD3E006BFB54 /* Build configuration list for PBXNativeTarget "Switch" */ = {
			isa = XCConfigurationList;
			buildConfigurations = (
				1D6058940D05DD3E006BFB54 /* Debug */,
				1D6058950D05DD3E006BFB54 /* Release */,
			);
			defaultConfigurationIsVisible = 0;
			defaultConfigurationName = Release;
		};
		C01FCF4E08A954540054247B /* Build configuration list for PBXProject "Switch" */ = {
			isa = XCConfigurationList;
			buildConfigurations = (
				C01FCF4F08A954540054247B /* Debug */,
				C01FCF5008A954540054247B /* Release */,
			);
			defaultConfigurationIsVisible = 0;
			defaultConfigurationName = Release;
		};
/* End XCConfigurationList section */
	};
	rootObject = 29B97313FDCFA39411CA2CEA /* Project object */;
}
